{
  "lockfile_version": "1",
  "packages": {
    "curl@8": {
      "last_modified": "2025-04-12T23:59:46Z",
      "resolved": "github:NixOS/nixpkgs/f6db44a8daa59c40ae41ba6e5823ec77fe0d2124#curl",
      "source": "devbox-search",
      "version": "8.12.1",
      "systems": {
        "aarch64-darwin": {
          "outputs": [
            {
              "name": "bin",
              "path": "/nix/store/86fqlv3ivlg7wxqg2zyxdaba79f964xc-curl-8.12.1-bin",
              "default": true
            },
            {
              "name": "man",
              "path": "/nix/store/pbbm6l8x61w0n0v1f0q5k8fbl3wrwdhx-curl-8.12.1-man",
              "default": true
            },
            {
              "name": "dev",
              "path": "/nix/store/3gaqczbhg021cyxbdipa072bmwxn5rii-curl-8.12.1-dev"
            },
            {
              "name": "devdoc",
              "path": "/nix/store/6ln0174ccp76y126pjypqmh3i2wakyv3-curl-8.12.1-devdoc"
            },
            {
              "name": "out",
              "path": "/nix/store/qgag9flqkdc2pplvcvzbrbicy66yh3fn-curl-8.12.1"
            }
          ],
          "store_path": "/nix/store/86fqlv3ivlg7wxqg2zyxdaba79f964xc-curl-8.12.1-bin"
        },
        "aarch64-linux": {
          "outputs": [
            {
              "name": "bin",
              "path": "/nix/store/z7wva8na2xihw715flhf7qzxmzajh2ka-curl-8.12.1-bin",
              "default": true
            },
            {
              "name": "man",
              "path": "/nix/store/80njhwgrrzkzhi3mmbzy14vnq837m3zv-curl-8.12.1-man",
              "default": true
            },
            {
              "name": "debug",
              "path": "/nix/store/775cbq71iyyscma2vvhwxjlpzx8fqqh9-curl-8.12.1-debug"
            },
            {
              "name": "dev",
              "path": "/nix/store/vgq4wjxqc1pg31i2hamypdj3zh1kjx74-curl-8.12.1-dev"
            },
            {
              "name": "devdoc",
              "path": "/nix/store/xynp72zh6y0d2xxisir41fd212hcz596-curl-8.12.1-devdoc"
            },
            {
              "name": "out",
              "path": "/nix/store/g7hzmaxs3iyinjzx6rzci1wcrn0h0dhk-curl-8.12.1"
            }
          ],
          "store_path": "/nix/store/z7wva8na2xihw715flhf7qzxmzajh2ka-curl-8.12.1-bin"
        },
        "x86_64-darwin": {
          "outputs": [
            {
              "name": "bin",
              "path": "/nix/store/p0x9dx56vyii50cwbv03wjkhwivpyg4b-curl-8.12.1-bin",
              "default": true
            },
            {
              "name": "man",
              "path": "/nix/store/rac3x8bmq64rbm4msd83652vcby7ibav-curl-8.12.1-man",
              "default": true
            },
            {
              "name": "dev",
              "path": "/nix/store/an8c76pbcv3sdli8cvg8sff8qnclh9rz-curl-8.12.1-dev"
            },
            {
              "name": "devdoc",
              "path": "/nix/store/kmwq1w6yjmb19glyqk3q6czn4kbg0xag-curl-8.12.1-devdoc"
            },
            {
              "name": "out",
              "path": "/nix/store/bi6qs79brnykvz8lc7kmjbmzxv3cjn1q-curl-8.12.1"
            }
          ],
          "store_path": "/nix/store/p0x9dx56vyii50cwbv03wjkhwivpyg4b-curl-8.12.1-bin"
        },
        "x86_64-linux": {
          "outputs": [
            {
              "name": "bin",
              "path": "/nix/store/k27z9fx6v0msbsl2p54sx4sx0r8247m6-curl-8.12.1-bin",
              "default": true
            },
            {
              "name": "man",
              "path": "/nix/store/03skkhbdzmivfr8c99rqbb9s5clfi0sy-curl-8.12.1-man",
              "default": true
            },
            {
              "name": "debug",
              "path": "/nix/store/w6wlkf6s83lnw87jvqgczqj2674ilx4a-curl-8.12.1-debug"
            },
            {
              "name": "dev",
              "path": "/nix/store/cn83nc0n8gkl0bi3spykczd3j44qkbq2-curl-8.12.1-dev"
            },
            {
              "name": "devdoc",
              "path": "/nix/store/ynv5wahwnghzk8v4zfbk8rmdn96cx4cf-curl-8.12.1-devdoc"
            },
            {
              "name": "out",
              "path": "/nix/store/l6hzv5ms9fi7mx2j3xh0i42anyjcgpp8-curl-8.12.1"
            }
          ],
          "store_path": "/nix/store/k27z9fx6v0msbsl2p54sx4sx0r8247m6-curl-8.12.1-bin"
        }
      }
    },
    "dotnet-sdk@8.0.": {
      "last_modified": "2025-04-12T15:53:49Z",
      "resolved": "github:NixOS/nixpkgs/52d0eded529af34e91df6b2a2bc32eb636637cd2#dotnet-sdk",
      "source": "devbox-search",
      "version": "8.0.408",
      "systems": {
        "aarch64-darwin": {
          "outputs": [
            {
              "name": "out",
              "path": "/nix/store/mn62vfdx51047yl7n0ab41saw03fff2j-dotnet-sdk-wrapped-8.0.408",
              "default": true
            }
          ],
          "store_path": "/nix/store/mn62vfdx51047yl7n0ab41saw03fff2j-dotnet-sdk-wrapped-8.0.408"
        },
        "aarch64-linux": {
          "outputs": [
            {
              "name": "out",
              "path": "/nix/store/1fic3lanmf1xri1iizmldw7yfr9qid0g-dotnet-sdk-wrapped-8.0.408",
              "default": true
            }
          ],
          "store_path": "/nix/store/1fic3lanmf1xri1iizmldw7yfr9qid0g-dotnet-sdk-wrapped-8.0.408"
        },
        "x86_64-darwin": {
          "outputs": [
            {
              "name": "out",
              "path": "/nix/store/plfyx91wf039c3zcgsk2jigklwlynjc7-dotnet-sdk-wrapped-8.0.408",
              "default": true
            }
          ],
          "store_path": "/nix/store/plfyx91wf039c3zcgsk2jigklwlynjc7-dotnet-sdk-wrapped-8.0.408"
        },
        "x86_64-linux": {
          "outputs": [
            {
              "name": "out",
              "path": "/nix/store/yjg0bi4zf6f15kv11xcyq9f0wkw9c8ai-dotnet-sdk-wrapped-8.0.408",
              "default": true
            }
          ],
          "store_path": "/nix/store/yjg0bi4zf6f15kv11xcyq9f0wkw9c8ai-dotnet-sdk-wrapped-8.0.408"
        }
      }
    },
    "github:NixOS/nixpkgs/nixpkgs-unstable": {
      "last_modified": "2025-04-13T09:22:33Z",
      "resolved": "github:NixOS/nixpkgs/18dd725c29603f582cf1900e0d25f9f1063dbf11?lastModified=1744536153&narHash=sha256-awS2zRgF4uTwrOKwwiJcByDzDOdo3Q1rPZbiHQg%2FN38%3D"
    },
    "go@1.22.": {
      "last_modified": "2025-03-23T05:31:05Z",
      "resolved": "github:NixOS/nixpkgs/dd613136ee91f67e5dba3f3f41ac99ae89c5406b#go_1_22",
      "source": "devbox-search",
      "version": "1.22.12",
      "systems": {
        "aarch64-darwin": {
          "outputs": [
            {
              "name": "out",
              "path": "/nix/store/22cdyq96qa185whfsqq29bc226z0rjn9-go-1.22.12",
              "default": true
            }
          ],
          "store_path": "/nix/store/22cdyq96qa185whfsqq29bc226z0rjn9-go-1.22.12"
        },
        "aarch64-linux": {
          "outputs": [
            {
              "name": "out",
              "path": "/nix/store/55xfvgfsmr0m0p412vr8hiq4s3vi3hkn-go-1.22.12",
              "default": true
            }
          ],
          "store_path": "/nix/store/55xfvgfsmr0m0p412vr8hiq4s3vi3hkn-go-1.22.12"
        },
        "x86_64-darwin": {
          "outputs": [
            {
              "name": "out",
              "path": "/nix/store/3jmnyd8qzjwaibgwpy40izllr8fxjz4q-go-1.22.12",
              "default": true
            }
          ],
          "store_path": "/nix/store/3jmnyd8qzjwaibgwpy40izllr8fxjz4q-go-1.22.12"
        },
        "x86_64-linux": {
          "outputs": [
            {
              "name": "out",
              "path": "/nix/store/mdw3nfcaxld4g00rmcfa4rs2ywm17fdq-go-1.22.12",
              "default": true
            }
          ],
          "store_path": "/nix/store/mdw3nfcaxld4g00rmcfa4rs2ywm17fdq-go-1.22.12"
        }
      }
    },
    "gradle_7@7.6": {
      "last_modified": "2025-03-28T03:27:31Z",
      "plugin_version": "0.0.1",
      "resolved": "github:NixOS/nixpkgs/398f1f1892a56d1e058d21b0d279512fcc181d3e#gradle_7",
      "source": "devbox-search",
      "version": "7.6.4",
      "systems": {
        "aarch64-darwin": {
          "outputs": [
            {
              "name": "out",
              "path": "/nix/store/jsksyzjz92zjkd8maq8p27lr27zld7mc-gradle-7.6.4",
              "default": true
            }
          ],
          "store_path": "/nix/store/jsksyzjz92zjkd8maq8p27lr27zld7mc-gradle-7.6.4"
        },
        "aarch64-linux": {
          "outputs": [
            {
              "name": "out",
              "path": "/nix/store/38cspx9j3pxxbcycxhj62wyrk70gn4jd-gradle-7.6.4",
              "default": true
            }
          ],
          "store_path": "/nix/store/38cspx9j3pxxbcycxhj62wyrk70gn4jd-gradle-7.6.4"
        },
        "x86_64-darwin": {
          "outputs": [
            {
              "name": "out",
              "path": "/nix/store/sgc9f7wgyp0rcjqa0bdssvp8pl0ssvym-gradle-7.6.4",
              "default": true
            }
          ],
          "store_path": "/nix/store/sgc9f7wgyp0rcjqa0bdssvp8pl0ssvym-gradle-7.6.4"
        },
        "x86_64-linux": {
          "outputs": [
            {
              "name": "out",
              "path": "/nix/store/2516pzgv9j7p7jwhf6b4chb1bzbn7gfl-gradle-7.6.4",
              "default": true
            }
          ],
          "store_path": "/nix/store/2516pzgv9j7p7jwhf6b4chb1bzbn7gfl-gradle-7.6.4"
        }
      }
    },
    "nodejs@20.": {
      "last_modified": "2025-03-16T23:54:35Z",
      "plugin_version": "0.0.2",
      "resolved": "github:NixOS/nixpkgs/5d9b5431f967007b3952c057fc92af49a4c5f3b2#nodejs_20",
      "source": "devbox-search",
      "version": "20.19.0",
      "systems": {
        "aarch64-darwin": {
          "outputs": [
            {
              "name": "out",
              "path": "/nix/store/4i96rnl7hdzm3k3w36gx7d2p1af3b64q-nodejs-20.19.0",
              "default": true
            },
            {
              "name": "libv8",
              "path": "/nix/store/dvr6jyyhygpci5yj5mdl3p0xi2qcm02g-nodejs-20.19.0-libv8"
            }
          ],
          "store_path": "/nix/store/4i96rnl7hdzm3k3w36gx7d2p1af3b64q-nodejs-20.19.0"
        },
        "aarch64-linux": {
          "outputs": [
            {
              "name": "out",
              "path": "/nix/store/qz522zmsx441py29xy69sf5671bkhpj2-nodejs-20.19.0",
              "default": true
            },
            {
              "name": "libv8",
              "path": "/nix/store/7i02830b2pxlapzav6yyggymqmp6rk02-nodejs-20.19.0-libv8"
            }
          ],
          "store_path": "/nix/store/qz522zmsx441py29xy69sf5671bkhpj2-nodejs-20.19.0"
        },
        "x86_64-darwin": {
          "outputs": [
            {
              "name": "out",
              "path": "/nix/store/4k73p2z9h5rnfv9gal8n6m4srx5sggs8-nodejs-20.19.0",
              "default": true
            },
            {
              "name": "libv8",
              "path": "/nix/store/px89hqr3wcfk0w6146hf4171bvj4chgp-nodejs-20.19.0-libv8"
            }
          ],
          "store_path": "/nix/store/4k73p2z9h5rnfv9gal8n6m4srx5sggs8-nodejs-20.19.0"
        },
        "x86_64-linux": {
          "outputs": [
            {
              "name": "out",
              "path": "/nix/store/088a1y8kvrmvi7vm5ff67hg7c4hcnqg7-nodejs-20.19.0",
              "default": true
            },
            {
              "name": "libv8",
              "path": "/nix/store/njqqwr5311xmnm05ms3n7b8piwnyq7x1-nodejs-20.19.0-libv8"
            }
          ],
          "store_path": "/nix/store/088a1y8kvrmvi7vm5ff67hg7c4hcnqg7-nodejs-20.19.0"
        }
      }
    },
    "pulumictl@latest": {
      "last_modified": "2025-03-11T17:52:14Z",
      "resolved": "github:NixOS/nixpkgs/0d534853a55b5d02a4ababa1d71921ce8f0aee4c#pulumictl",
      "source": "devbox-search",
      "version": "0.0.48",
      "systems": {
        "aarch64-darwin": {
          "outputs": [
            {
              "name": "out",
              "path": "/nix/store/r3h8yq4g8kcc52jviz4y71ak70mk6jbn-pulumictl-0.0.48",
              "default": true
            }
          ],
          "store_path": "/nix/store/r3h8yq4g8kcc52jviz4y71ak70mk6jbn-pulumictl-0.0.48"
        },
        "aarch64-linux": {
          "outputs": [
            {
              "name": "out",
              "path": "/nix/store/9532q7dhy172xdxii6nqpz25r3mn0n9j-pulumictl-0.0.48",
              "default": true
            }
          ],
          "store_path": "/nix/store/9532q7dhy172xdxii6nqpz25r3mn0n9j-pulumictl-0.0.48"
        },
        "x86_64-darwin": {
          "outputs": [
            {
              "name": "out",
              "path": "/nix/store/1jkcbpivgk138warzyg0lcvnh4xrphp4-pulumictl-0.0.48",
              "default": true
            }
          ],
          "store_path": "/nix/store/1jkcbpivgk138warzyg0lcvnh4xrphp4-pulumictl-0.0.48"
        },
        "x86_64-linux": {
          "outputs": [
            {
              "name": "out",
              "path": "/nix/store/cp15h3vm4w73v47b011ayyh6w9mkvl4h-pulumictl-0.0.48",
              "default": true
            }
          ],
          "store_path": "/nix/store/cp15h3vm4w73v47b011ayyh6w9mkvl4h-pulumictl-0.0.48"
        }
      }
    },
    "python3@3.11.8": {
      "last_modified": "2024-04-02T02:53:36Z",
      "plugin_version": "0.0.4",
      "resolved": "github:NixOS/nixpkgs/080a4a27f206d07724b88da096e27ef63401a504#python3",
      "source": "devbox-search",
      "version": "3.11.8",
      "systems": {
        "aarch64-darwin": {
          "outputs": [
            {
              "name": "out",
              "path": "/nix/store/j0jaqv09421wydqmfawcnwvv2f32q86a-python3-3.11.8",
              "default": true
            }
          ],
          "store_path": "/nix/store/j0jaqv09421wydqmfawcnwvv2f32q86a-python3-3.11.8"
        },
        "aarch64-linux": {
          "outputs": [
            {
              "name": "out",
              "path": "/nix/store/m366grr7iy3d47r7ns0p8ppx5z3ghlv6-python3-3.11.8",
              "default": true
            },
            {
              "name": "debug",
              "path": "/nix/store/5dv2p0bwb5ni510y7mabbcmm8qrrj795-python3-3.11.8-debug"
            }
          ],
          "store_path": "/nix/store/m366grr7iy3d47r7ns0p8ppx5z3ghlv6-python3-3.11.8"
        },
        "x86_64-darwin": {
          "outputs": [
            {
              "name": "out",
              "path": "/nix/store/9qhyp2qkb4s5zi1vahj4bjjjmdin6jnz-python3-3.11.8",
              "default": true
            }
          ],
          "store_path": "/nix/store/9qhyp2qkb4s5zi1vahj4bjjjmdin6jnz-python3-3.11.8"
        },
        "x86_64-linux": {
          "outputs": [
            {
              "name": "out",
              "path": "/nix/store/gd3shnza1i50zn8zs04fa729ribr88m9-python3-3.11.8",
              "default": true
            },
            {
              "name": "debug",
              "path": "/nix/store/imbh85vrmy96yvzwg90l0v5rb70qi3h9-python3-3.11.8-debug"
            }
          ],
          "store_path": "/nix/store/gd3shnza1i50zn8zs04fa729ribr88m9-python3-3.11.8"
        }
      }
    },
    "yarn@latest": {
      "last_modified": "2025-03-23T05:31:05Z",
      "resolved": "github:NixOS/nixpkgs/dd613136ee91f67e5dba3f3f41ac99ae89c5406b#yarn",
      "source": "devbox-search",
      "version": "1.22.22",
      "systems": {
        "aarch64-darwin": {
          "outputs": [
            {
              "name": "out",
              "path": "/nix/store/0nincnkbkk7inb1nrqf83mmzwc94xiyl-yarn-1.22.22",
              "default": true
            }
          ],
          "store_path": "/nix/store/0nincnkbkk7inb1nrqf83mmzwc94xiyl-yarn-1.22.22"
        },
        "aarch64-linux": {
          "outputs": [
            {
              "name": "out",
              "path": "/nix/store/qxymdihqclkg42i4185f7y9nf7j1cwz8-yarn-1.22.22",
              "default": true
            }
          ],
          "store_path": "/nix/store/qxymdihqclkg42i4185f7y9nf7j1cwz8-yarn-1.22.22"
        },
        "x86_64-darwin": {
          "outputs": [
            {
              "name": "out",
              "path": "/nix/store/2li1br96rd013mimbvnsf81fk564jx0v-yarn-1.22.22",
              "default": true
            }
          ],
          "store_path": "/nix/store/2li1br96rd013mimbvnsf81fk564jx0v-yarn-1.22.22"
        },
        "x86_64-linux": {
          "outputs": [
            {
              "name": "out",
              "path": "/nix/store/sfh8adsjz44xyismwlzamq25k6lk9igl-yarn-1.22.22",
              "default": true
            }
          ],
          "store_path": "/nix/store/sfh8adsjz44xyismwlzamq25k6lk9igl-yarn-1.22.22"
        }
      }
    }
  }
}
