[[tools.dotnet]]
version = "8.0.414"
backend = "asdf:dotnet"

[[tools."github:pulumi/pulumictl"]]
version = "0.0.50"
backend = "github:pulumi/pulumictl"

[[tools."github:pulumi/schema-tools"]]
version = "0.6.0"
backend = "github:pulumi/schema-tools"

[[tools.go]]
version = "1.25.0"
backend = "core:go"

[[tools.golangci-lint]]
version = "1.64.8"
backend = "aqua:golangci/golangci-lint"

[[tools.gradle]]
version = "7.6.6"
backend = "aqua:gradle/gradle"

[[tools.java]]
version = "corretto-11.0.28.6.1"
backend = "core:java"

[[tools.node]]
version = "20.19.5"
backend = "core:node"

[[tools."npm:yarn"]]
version = "1.22.22"
backend = "npm:yarn"

[[tools.pulumi]]
version = "3.145.0"
backend = "aqua:pulumi/pulumi"

[tools.pulumi.platforms.macos-arm64]
checksum = "sha512:acadd7d66d3d652eae0100b6dd23ddce17dbb90d264edcd15d9dcb26c886e4b602fde08cc5d94112c9bd038b9d2f3d237fd23fdf3a5648f5fc53c1fb25efe351"
size = 77378920
url = "https://github.com/pulumi/pulumi/releases/download/v3.145.0/pulumi-v3.145.0-darwin-arm64.tar.gz"

[[tools.python]]
version = "3.11.8"
backend = "core:python"
